Microsoft Visual Studio Solution File, Format Version 12.00
Project("{2150E333-8FDC-42A3-9474-1A3956D46DE8}") = "src", "src", "{4BDA1BBC-2F98-4DB0-81DA-C3C6D8D0BF60}"
EndProject
Project("{2150E333-8FDC-42A3-9474-1A3956D46DE8}") = "tests", "tests", "{C83CEBF9-04F0-47ED-B603-2F44B3BF278F}"
EndProject
Project("{2150E333-8FDC-42A3-9474-1A3956D46DE8}") = "common", "common", "{871C8705-24D6-456E-89FA-8F51C676B550}"
	ProjectSection(SolutionItems) = preProject
		Directory.Packages.props = Directory.Packages.props
		Directory.Build.props = Directory.Build.props
		.gitignore = .gitignore
	EndProjectSection
EndProject
Project("{2150E333-8FDC-42A3-9474-1A3956D46DE8}") = "lab-1", "lab-1", "{0DE9515F-3C74-443E-99A4-7BB640905204}"
EndProject
Project("{2150E333-8FDC-42A3-9474-1A3956D46DE8}") = "lab-1", "lab-1", "{99488C81-DE98-48EB-AC52-A5D3DD3A8092}"
EndProject
Project("{2150E333-8FDC-42A3-9474-1A3956D46DE8}") = "lab-2", "lab-2", "{32B94AB4-6B8A-47C8-95BE-B21604BFE6C4}"
	ProjectSection(SolutionItems) = preProject
		src\lab-2\docker-compose.yaml = src\lab-2\docker-compose.yaml
		src\lab-2\Task1\obj\Debug\net8.0\.NETCoreApp,Version = v8.0.AssemblyAttributes.cs = src\lab-2\Task1\obj\Debug\net8.0\.NETCoreApp,Version=v8.0.AssemblyAttributes.cs
		src\lab-2\Task2\obj\Debug\net8.0\.NETCoreApp,Version = v8.0.AssemblyAttributes.cs = src\lab-2\Task2\obj\Debug\net8.0\.NETCoreApp,Version=v8.0.AssemblyAttributes.cs
		src\lab-2\config.json = src\lab-2\config.json
	EndProjectSection
EndProject
Project("{2150E333-8FDC-42A3-9474-1A3956D46DE8}") = "lab-3", "lab-3", "{FEB339FD-E3EA-43CA-BF27-90208DDA4CD1}"
EndProject
Project("{2150E333-8FDC-42A3-9474-1A3956D46DE8}") = "lab-4", "lab-4", "{7D572118-AEF1-42D4-A359-FA85886B8B5A}"
	ProjectSection(SolutionItems) = preProject
		src\lab-4\docker-compose.yaml = src\lab-4\docker-compose.yaml
	EndProjectSection
EndProject
Project("{2150E333-8FDC-42A3-9474-1A3956D46DE8}") = "lab-5", "lab-5", "{2FB2D737-260F-438E-BD82-BF66D2D3348C}"
EndProject
Project("{2150E333-8FDC-42A3-9474-1A3956D46DE8}") = "lab-2", "lab-2", "{8B8CBED8-2579-4794-BC32-367A2D35B89B}"
EndProject
Project("{2150E333-8FDC-42A3-9474-1A3956D46DE8}") = "lab-3", "lab-3", "{FC8A3CC4-2FAF-43C9-ACCB-70824CA18C9B}"
EndProject
Project("{2150E333-8FDC-42A3-9474-1A3956D46DE8}") = "lab-4", "lab-4", "{87D80FCF-EAFA-429B-92A4-FA53B7890D97}"
EndProject
Project("{2150E333-8FDC-42A3-9474-1A3956D46DE8}") = "lab-5", "lab-5", "{DC3E76C4-B2FB-4FBA-957A-C5BCA61C30A4}"
EndProject
Project("{FAE04EC0-301F-11D3-BF4B-00C04F79EFBC}") = "Task1", "src\lab-1\Task1\Task1.csproj", "{183F7E2A-63B6-46BD-BF11-E69C4FC896C5}"
EndProject
Project("{FAE04EC0-301F-11D3-BF4B-00C04F79EFBC}") = "Task2", "src\lab-1\Task2\Task2.csproj", "{87F57D0B-4CA8-4BC9-A728-B9532D6AD8B0}"
EndProject
Project("{FAE04EC0-301F-11D3-BF4B-00C04F79EFBC}") = "Task3", "src\lab-1\Task3\Task3.csproj", "{FC43CEE5-BD1E-447B-B670-18430592EB8C}"
EndProject
Project("{FAE04EC0-301F-11D3-BF4B-00C04F79EFBC}") = "Task2.Tests", "tests\lab-1\Task2.Tests\Task2.Tests.csproj", "{A0F04676-B9B2-4FDE-9FFE-994D79450DDB}"
EndProject
Project("{FAE04EC0-301F-11D3-BF4B-00C04F79EFBC}") = "Task1.Tests", "tests\lab-1\Task1.Tests\Task1.Tests.csproj", "{FD038F9F-5952-4E7F-9607-01926061EA33}"
EndProject
Project("{FAE04EC0-301F-11D3-BF4B-00C04F79EFBC}") = "Task1", "src\lab-2\Task1\Task1.csproj", "{5E6FCF92-4665-4593-96A3-D04FAB850FA9}"
EndProject
Project("{FAE04EC0-301F-11D3-BF4B-00C04F79EFBC}") = "Task2", "src\lab-2\Task2\Task2.csproj", "{6D4A8050-68A6-4AC9-8105-3FE0D6FE80AE}"
EndProject
Project("{FAE04EC0-301F-11D3-BF4B-00C04F79EFBC}") = "Task2.Tests", "tests\lab-2\Task2.Tests\Task2.Tests.csproj", "{C550A99A-566D-4D2A-9A07-6C675F84D30B}"
EndProject
Project("{FAE04EC0-301F-11D3-BF4B-00C04F79EFBC}") = "Task3", "src\lab-2\Task3\Task3.csproj", "{79060266-D0A2-4CC2-8BFB-F3F7FA16A853}"
EndProject
Project("{FAE04EC0-301F-11D3-BF4B-00C04F79EFBC}") = "TestProject", "src\lab-2\TestProject\TestProject.csproj", "{07DFCC92-510A-494C-A0D5-85F9C070124B}"
EndProject
Project("{FAE04EC0-301F-11D3-BF4B-00C04F79EFBC}") = "lab3", "src\lab-3\lab3\lab3.csproj", "{80A48D33-F2C5-4903-AEFE-09F4F2BF7772}"
EndProject
Project("{FAE04EC0-301F-11D3-BF4B-00C04F79EFBC}") = "GrpcApi", "src\lab-4\GrpcApi\GrpcApi.csproj", "{D13337CD-5F91-4E9D-8AE4-757643FA5BA1}"
EndProject
Project("{FAE04EC0-301F-11D3-BF4B-00C04F79EFBC}") = "Gateway", "src\lab-4\Gateway\Gateway.csproj", "{DB770841-4E90-442C-A8D1-A212DC8D5725}"
EndProject
Project("{FAE04EC0-301F-11D3-BF4B-00C04F79EFBC}") = "Kafka", "src\lab-4\Kafka\Kafka.csproj", "{EB9B1E72-DDF5-4DEF-BFCE-70A5A73FD4FD}"
EndProject
Global
	GlobalSection(SolutionConfigurationPlatforms) = preSolution
		Debug|Any CPU = Debug|Any CPU
		Release|Any CPU = Release|Any CPU
	EndGlobalSection
	GlobalSection(NestedProjects) = preSolution
		{0DE9515F-3C74-443E-99A4-7BB640905204} = {4BDA1BBC-2F98-4DB0-81DA-C3C6D8D0BF60}
		{99488C81-DE98-48EB-AC52-A5D3DD3A8092} = {C83CEBF9-04F0-47ED-B603-2F44B3BF278F}
		{32B94AB4-6B8A-47C8-95BE-B21604BFE6C4} = {4BDA1BBC-2F98-4DB0-81DA-C3C6D8D0BF60}
		{FEB339FD-E3EA-43CA-BF27-90208DDA4CD1} = {4BDA1BBC-2F98-4DB0-81DA-C3C6D8D0BF60}
		{7D572118-AEF1-42D4-A359-FA85886B8B5A} = {4BDA1BBC-2F98-4DB0-81DA-C3C6D8D0BF60}
		{2FB2D737-260F-438E-BD82-BF66D2D3348C} = {4BDA1BBC-2F98-4DB0-81DA-C3C6D8D0BF60}
		{8B8CBED8-2579-4794-BC32-367A2D35B89B} = {C83CEBF9-04F0-47ED-B603-2F44B3BF278F}
		{FC8A3CC4-2FAF-43C9-ACCB-70824CA18C9B} = {C83CEBF9-04F0-47ED-B603-2F44B3BF278F}
		{87D80FCF-EAFA-429B-92A4-FA53B7890D97} = {C83CEBF9-04F0-47ED-B603-2F44B3BF278F}
		{DC3E76C4-B2FB-4FBA-957A-C5BCA61C30A4} = {C83CEBF9-04F0-47ED-B603-2F44B3BF278F}
		{183F7E2A-63B6-46BD-BF11-E69C4FC896C5} = {0DE9515F-3C74-443E-99A4-7BB640905204}
		{87F57D0B-4CA8-4BC9-A728-B9532D6AD8B0} = {0DE9515F-3C74-443E-99A4-7BB640905204}
		{FC43CEE5-BD1E-447B-B670-18430592EB8C} = {0DE9515F-3C74-443E-99A4-7BB640905204}
		{A0F04676-B9B2-4FDE-9FFE-994D79450DDB} = {99488C81-DE98-48EB-AC52-A5D3DD3A8092}
		{FD038F9F-5952-4E7F-9607-01926061EA33} = {99488C81-DE98-48EB-AC52-A5D3DD3A8092}
		{5E6FCF92-4665-4593-96A3-D04FAB850FA9} = {32B94AB4-6B8A-47C8-95BE-B21604BFE6C4}
		{6D4A8050-68A6-4AC9-8105-3FE0D6FE80AE} = {32B94AB4-6B8A-47C8-95BE-B21604BFE6C4}
		{C550A99A-566D-4D2A-9A07-6C675F84D30B} = {8B8CBED8-2579-4794-BC32-367A2D35B89B}
		{79060266-D0A2-4CC2-8BFB-F3F7FA16A853} = {32B94AB4-6B8A-47C8-95BE-B21604BFE6C4}
		{07DFCC92-510A-494C-A0D5-85F9C070124B} = {32B94AB4-6B8A-47C8-95BE-B21604BFE6C4}
		{80A48D33-F2C5-4903-AEFE-09F4F2BF7772} = {FEB339FD-E3EA-43CA-BF27-90208DDA4CD1}
		{D13337CD-5F91-4E9D-8AE4-757643FA5BA1} = {7D572118-AEF1-42D4-A359-FA85886B8B5A}
		{DB770841-4E90-442C-A8D1-A212DC8D5725} = {7D572118-AEF1-42D4-A359-FA85886B8B5A}
		{EB9B1E72-DDF5-4DEF-BFCE-70A5A73FD4FD} = {7D572118-AEF1-42D4-A359-FA85886B8B5A}
	EndGlobalSection
	GlobalSection(ProjectConfigurationPlatforms) = postSolution
		{183F7E2A-63B6-46BD-BF11-E69C4FC896C5}.Debug|Any CPU.ActiveCfg = Debug|Any CPU
		{183F7E2A-63B6-46BD-BF11-E69C4FC896C5}.Debug|Any CPU.Build.0 = Debug|Any CPU
		{183F7E2A-63B6-46BD-BF11-E69C4FC896C5}.Release|Any CPU.ActiveCfg = Release|Any CPU
		{183F7E2A-63B6-46BD-BF11-E69C4FC896C5}.Release|Any CPU.Build.0 = Release|Any CPU
		{87F57D0B-4CA8-4BC9-A728-B9532D6AD8B0}.Debug|Any CPU.ActiveCfg = Debug|Any CPU
		{87F57D0B-4CA8-4BC9-A728-B9532D6AD8B0}.Debug|Any CPU.Build.0 = Debug|Any CPU
		{87F57D0B-4CA8-4BC9-A728-B9532D6AD8B0}.Release|Any CPU.ActiveCfg = Release|Any CPU
		{87F57D0B-4CA8-4BC9-A728-B9532D6AD8B0}.Release|Any CPU.Build.0 = Release|Any CPU
		{FC43CEE5-BD1E-447B-B670-18430592EB8C}.Debug|Any CPU.ActiveCfg = Debug|Any CPU
		{FC43CEE5-BD1E-447B-B670-18430592EB8C}.Debug|Any CPU.Build.0 = Debug|Any CPU
		{FC43CEE5-BD1E-447B-B670-18430592EB8C}.Release|Any CPU.ActiveCfg = Release|Any CPU
		{FC43CEE5-BD1E-447B-B670-18430592EB8C}.Release|Any CPU.Build.0 = Release|Any CPU
		{A0F04676-B9B2-4FDE-9FFE-994D79450DDB}.Debug|Any CPU.ActiveCfg = Debug|Any CPU
		{A0F04676-B9B2-4FDE-9FFE-994D79450DDB}.Debug|Any CPU.Build.0 = Debug|Any CPU
		{A0F04676-B9B2-4FDE-9FFE-994D79450DDB}.Release|Any CPU.ActiveCfg = Release|Any CPU
		{A0F04676-B9B2-4FDE-9FFE-994D79450DDB}.Release|Any CPU.Build.0 = Release|Any CPU
		{FD038F9F-5952-4E7F-9607-01926061EA33}.Debug|Any CPU.ActiveCfg = Debug|Any CPU
		{FD038F9F-5952-4E7F-9607-01926061EA33}.Debug|Any CPU.Build.0 = Debug|Any CPU
		{FD038F9F-5952-4E7F-9607-01926061EA33}.Release|Any CPU.ActiveCfg = Release|Any CPU
		{FD038F9F-5952-4E7F-9607-01926061EA33}.Release|Any CPU.Build.0 = Release|Any CPU
		{5E6FCF92-4665-4593-96A3-D04FAB850FA9}.Debug|Any CPU.ActiveCfg = Debug|Any CPU
		{5E6FCF92-4665-4593-96A3-D04FAB850FA9}.Debug|Any CPU.Build.0 = Debug|Any CPU
		{5E6FCF92-4665-4593-96A3-D04FAB850FA9}.Release|Any CPU.ActiveCfg = Release|Any CPU
		{5E6FCF92-4665-4593-96A3-D04FAB850FA9}.Release|Any CPU.Build.0 = Release|Any CPU
		{6D4A8050-68A6-4AC9-8105-3FE0D6FE80AE}.Debug|Any CPU.ActiveCfg = Debug|Any CPU
		{6D4A8050-68A6-4AC9-8105-3FE0D6FE80AE}.Debug|Any CPU.Build.0 = Debug|Any CPU
		{6D4A8050-68A6-4AC9-8105-3FE0D6FE80AE}.Release|Any CPU.ActiveCfg = Release|Any CPU
		{6D4A8050-68A6-4AC9-8105-3FE0D6FE80AE}.Release|Any CPU.Build.0 = Release|Any CPU
		{C550A99A-566D-4D2A-9A07-6C675F84D30B}.Debug|Any CPU.ActiveCfg = Debug|Any CPU
		{C550A99A-566D-4D2A-9A07-6C675F84D30B}.Debug|Any CPU.Build.0 = Debug|Any CPU
		{C550A99A-566D-4D2A-9A07-6C675F84D30B}.Release|Any CPU.ActiveCfg = Release|Any CPU
		{C550A99A-566D-4D2A-9A07-6C675F84D30B}.Release|Any CPU.Build.0 = Release|Any CPU
		{79060266-D0A2-4CC2-8BFB-F3F7FA16A853}.Debug|Any CPU.ActiveCfg = Debug|Any CPU
		{79060266-D0A2-4CC2-8BFB-F3F7FA16A853}.Debug|Any CPU.Build.0 = Debug|Any CPU
		{79060266-D0A2-4CC2-8BFB-F3F7FA16A853}.Release|Any CPU.ActiveCfg = Release|Any CPU
		{79060266-D0A2-4CC2-8BFB-F3F7FA16A853}.Release|Any CPU.Build.0 = Release|Any CPU
		{07DFCC92-510A-494C-A0D5-85F9C070124B}.Debug|Any CPU.ActiveCfg = Debug|Any CPU
		{07DFCC92-510A-494C-A0D5-85F9C070124B}.Debug|Any CPU.Build.0 = Debug|Any CPU
		{07DFCC92-510A-494C-A0D5-85F9C070124B}.Release|Any CPU.ActiveCfg = Release|Any CPU
		{07DFCC92-510A-494C-A0D5-85F9C070124B}.Release|Any CPU.Build.0 = Release|Any CPU
		{80A48D33-F2C5-4903-AEFE-09F4F2BF7772}.Debug|Any CPU.ActiveCfg = Debug|Any CPU
		{80A48D33-F2C5-4903-AEFE-09F4F2BF7772}.Debug|Any CPU.Build.0 = Debug|Any CPU
		{80A48D33-F2C5-4903-AEFE-09F4F2BF7772}.Release|Any CPU.ActiveCfg = Release|Any CPU
		{80A48D33-F2C5-4903-AEFE-09F4F2BF7772}.Release|Any CPU.Build.0 = Release|Any CPU
		{D13337CD-5F91-4E9D-8AE4-757643FA5BA1}.Debug|Any CPU.ActiveCfg = Debug|Any CPU
		{D13337CD-5F91-4E9D-8AE4-757643FA5BA1}.Debug|Any CPU.Build.0 = Debug|Any CPU
		{D13337CD-5F91-4E9D-8AE4-757643FA5BA1}.Release|Any CPU.ActiveCfg = Release|Any CPU
		{D13337CD-5F91-4E9D-8AE4-757643FA5BA1}.Release|Any CPU.Build.0 = Release|Any CPU
		{DB770841-4E90-442C-A8D1-A212DC8D5725}.Debug|Any CPU.ActiveCfg = Debug|Any CPU
		{DB770841-4E90-442C-A8D1-A212DC8D5725}.Debug|Any CPU.Build.0 = Debug|Any CPU
		{DB770841-4E90-442C-A8D1-A212DC8D5725}.Release|Any CPU.ActiveCfg = Release|Any CPU
		{DB770841-4E90-442C-A8D1-A212DC8D5725}.Release|Any CPU.Build.0 = Release|Any CPU
		{EB9B1E72-DDF5-4DEF-BFCE-70A5A73FD4FD}.Debug|Any CPU.ActiveCfg = Debug|Any CPU
		{EB9B1E72-DDF5-4DEF-BFCE-70A5A73FD4FD}.Debug|Any CPU.Build.0 = Debug|Any CPU
		{EB9B1E72-DDF5-4DEF-BFCE-70A5A73FD4FD}.Release|Any CPU.ActiveCfg = Release|Any CPU
		{EB9B1E72-DDF5-4DEF-BFCE-70A5A73FD4FD}.Release|Any CPU.Build.0 = Release|Any CPU
	EndGlobalSection
EndGlobal
